
Microsoft Visual Studio Solution File, Format Version 12.00
# Visual Studio Version 16
VisualStudioVersion = 16.0.31005.135
MinimumVisualStudioVersion = 10.0.40219.1
Project("{FAE04EC0-301F-11D3-BF4B-00C04F79EFBC}") = "Chapitre05", "Chapitre05\Chapitre05.csproj", "{F831D739-C96C-4421-A636-D2B215F04A5A}"
EndProject
Global
	GlobalSection(SolutionConfigurationPlatforms) = preSolution
		Debug|Any CPU = Debug|Any CPU
		Release|Any CPU = Release|Any CPU
	EndGlobalSection
	GlobalSection(ProjectConfigurationPlatforms) = postSolution
		{F831D739-C96C-4421-A636-D2B215F04A5A}.Debug|Any CPU.ActiveCfg = Debug|Any CPU
		{F831D739-C96C-4421-A636-D2B215F04A5A}.Debug|Any CPU.Build.0 = Debug|Any CPU
		{F831D739-C96C-4421-A636-D2B215F04A5A}.Release|Any CPU.ActiveCfg = Release|Any CPU
		{F831D739-C96C-4421-A636-D2B215F04A5A}.Release|Any CPU.Build.0 = Release|Any CPU
	EndGlobalSection
	GlobalSection(SolutionProperties) = preSolution
		HideSolutionNode = FALSE
	EndGlobalSection
	GlobalSection(ExtensibilityGlobals) = postSolution
		SolutionGuid = {D7D418E9-D388-432D-98F6-93F1F583E6DA}
	EndGlobalSection
EndGlobal
